
Microsoft Visual Studio Solution File, Format Version 12.00
# Visual Studio 14
VisualStudioVersion = 14.0.25123.0
MinimumVisualStudioVersion = 10.0.40219.1
Project("{2150E333-8FDC-42A3-9474-1A3956D46DE8}") = "B. src", "B. src", "{A95ADD7D-1C5B-4F71-ABAA-5A463036EDC7}"
EndProject
Project("{8BB2217D-0F2D-49D1-97BC-3654ED321F3B}") = "Dargon.Courier.Api", "dependencies\courier\src\Dargon.Courier.Api\Dargon.Courier.Api.xproj", "{5279248E-9513-4ACF-BD3B-8E5B5D896905}"
EndProject
Project("{8BB2217D-0F2D-49D1-97BC-3654ED321F3B}") = "Dargon.Courier.Impl", "dependencies\courier\src\Dargon.Courier.Impl\Dargon.Courier.Impl.xproj", "{7A583A0F-6154-47D5-9D6E-D91E94A0C4FB}"
EndProject
Project("{2150E333-8FDC-42A3-9474-1A3956D46DE8}") = "A. Solution Files", "A. Solution Files", "{381983DF-40C9-431F-BFFC-9D944132C149}"
	ProjectSection(SolutionItems) = preProject
		.gitignore = .gitignore
		global.json = global.json
	EndProjectSection
EndProject
Project("{2150E333-8FDC-42A3-9474-1A3956D46DE8}") = "C. test", "C. test", "{8C077420-A36E-4D87-993F-BD51BDB216FE}"
EndProject
Project("{2150E333-8FDC-42A3-9474-1A3956D46DE8}") = "D. dependencies", "D. dependencies", "{717230C9-AFBC-456B-A700-9CFC5FB5FDD6}"
EndProject
Project("{8BB2217D-0F2D-49D1-97BC-3654ED321F3B}") = "Dargon.Vox", "dependencies\vox\src\Dargon.Vox\Dargon.Vox.xproj", "{64BDC2CE-1457-4AD8-AA1F-B39A5DDC42C2}"
EndProject
Project("{8BB2217D-0F2D-49D1-97BC-3654ED321F3B}") = "Dargon.Ryu.Api", "dependencies\ryu\src\Dargon.Ryu.Api\Dargon.Ryu.Api.xproj", "{97247D5E-A3C9-4050-84E8-2FD8E9178DB8}"
EndProject
Project("{8BB2217D-0F2D-49D1-97BC-3654ED321F3B}") = "Dargon.Ryu.Impl", "dependencies\ryu\src\Dargon.Ryu.Impl\Dargon.Ryu.Impl.xproj", "{8848F79E-7EBB-4D00-9645-FF86C39F8DE4}"
EndProject
Project("{8BB2217D-0F2D-49D1-97BC-3654ED321F3B}") = "Dargon.Commons", "dependencies\commons\src\Dargon.Commons\Dargon.Commons.xproj", "{2D7BAFC8-38E8-42EC-B215-F1A0A08E4BA8}"
EndProject
Project("{8BB2217D-0F2D-49D1-97BC-3654ED321F3B}") = "FodyDnx", "dependencies\FodyDnx\src\FodyDnx.xproj", "{F3EA0646-E97A-4535-8E19-B5E38FB2706A}"
EndProject
Project("{8BB2217D-0F2D-49D1-97BC-3654ED321F3B}") = "Dargon.Courier.Impl.IntegrationTests", "dependencies\courier\test\Dargon.Courier.Impl.IntegrationTests\Dargon.Courier.Impl.IntegrationTests.xproj", "{3F7DCAA8-BBFF-4709-BC79-BAA235783D86}"
EndProject
Project("{8BB2217D-0F2D-49D1-97BC-3654ED321F3B}") = "NMockito", "dependencies\NMockito\src\NMockito\NMockito.xproj", "{907353FD-0387-434C-BDA1-4822A3553A40}"
EndProject
Project("{8BB2217D-0F2D-49D1-97BC-3654ED321F3B}") = "Dargon.Courier.Impl.UnitTests", "dependencies\courier\test\Dargon.Courier.Impl.UnitTests\Dargon.Courier.Impl.UnitTests.xproj", "{5DDF8899-F77A-49C9-A814-372388ECF5BD}"
EndProject
Project("{911E67C6-3D85-4FCE-B560-20A9C3E3FF48}") = "Dargon.Courier.Impl.IntegrationTests", "dependencies\courier\test\Dargon.Courier.Impl.IntegrationTests\bin\Debug\net451\win7-x64\Dargon.Courier.Impl.IntegrationTests.exe", "{8C23F20B-FA8A-4EDC-B0CB-37FF052473FB}"
	ProjectSection(DebuggerProjectSystem) = preProject
		PortSupplier = 00000000-0000-0000-0000-000000000000
		Executable = V:\my-repositories\dargon\courier\dependencies\courier\test\Dargon.Courier.Impl.IntegrationTests\bin\Debug\net451\win7-x64\Dargon.Courier.Impl.IntegrationTests.exe
		RemoteMachine = WIN-E5C0B65L3GR
		StartingDirectory = V:\my-repositories\dargon\courier\dependencies\courier\test\Dargon.Courier.Impl.IntegrationTests\bin\Debug\net451\win7-x64
		Environment = Default
		LaunchingEngine = 00000000-0000-0000-0000-000000000000
		UseLegacyDebugEngines = No
		LaunchSQLEngine = No
		AttachLaunchAction = No
	EndProjectSection
EndProject
Project("{8BB2217D-0F2D-49D1-97BC-3654ED321F3B}") = "dargon-management-interface", "dependencies\courier\src\dargon-management-interface\dargon-management-interface.xproj", "{DC6C332E-10DB-4097-8FAF-84F505250A3C}"
EndProject
Project("{911E67C6-3D85-4FCE-B560-20A9C3E3FF48}") = "dargon-management-interface", "dependencies\courier\src\dargon-management-interface\bin\Debug\net452\dargon-management-interface.exe", "{9F7834D7-F3AF-4691-9D35-E8580BC80D8E}"
	ProjectSection(DebuggerProjectSystem) = preProject
		PortSupplier = 00000000-0000-0000-0000-000000000000
		Executable = V:\my-repositories\dargon\courier\dependencies\courier\src\dargon-management-interface\bin\Debug\net452\dargon-management-interface.exe
		RemoteMachine = WIN-E5C0B65L3GR
		StartingDirectory = V:\my-repositories\dargon\courier\dependencies\courier\src\dargon-management-interface\bin\Debug\net452
		Environment = Default
		LaunchingEngine = 00000000-0000-0000-0000-000000000000
		UseLegacyDebugEngines = No
		LaunchSQLEngine = No
		AttachLaunchAction = No
	EndProjectSection
EndProject
Project("{FAE04EC0-301F-11D3-BF4B-00C04F79EFBC}") = "dargon-management-interface_", "..\dargon-management-interface\dargon-management-interface_.csproj", "{79872398-F5A6-4F34-9596-447D1CFBCAB4}"
EndProject
Project("{8BB2217D-0F2D-49D1-97BC-3654ED321F3B}") = "Dargon.Repl", "dependencies\repl\src\Dargon.Repl\Dargon.Repl.xproj", "{B8BA80E1-0831-4613-8A80-14E5E34696BD}"
EndProject
Project("{8BB2217D-0F2D-49D1-97BC-3654ED321F3B}") = "Dargon.Hydrous.Impl", "dependencies\courier\src\Dargon.Hydrous.Impl\Dargon.Hydrous.Impl.xproj", "{3E7B72E8-A156-4205-8A96-848FC6C80966}"
EndProject
Project("{911E67C6-3D85-4FCE-B560-20A9C3E3FF48}") = "Dargon.Hydrous.Impl", "dependencies\courier\src\Dargon.Hydrous.Impl\bin\Debug\net451\win7-x64\Dargon.Hydrous.Impl.exe", "{1D134390-1670-495D-955D-B1CC5D9AD595}"
	ProjectSection(DebuggerProjectSystem) = preProject
		PortSupplier = 00000000-0000-0000-0000-000000000000
		Executable = V:\my-repositories\dargon\courier\dependencies\courier\src\Dargon.Hydrous.Impl\bin\Debug\net451\win7-x64\Dargon.Hydrous.Impl.exe
		RemoteMachine = WIN-E5C0B65L3GR
		StartingDirectory = V:\my-repositories\dargon\courier\dependencies\courier\src\Dargon.Hydrous.Impl\bin\Debug\net451\win7-x64
		Environment = Default
		LaunchingEngine = 00000000-0000-0000-0000-000000000000
		UseLegacyDebugEngines = No
		LaunchSQLEngine = No
		AttachLaunchAction = No
	EndProjectSection
EndProject
Project("{8BB2217D-0F2D-49D1-97BC-3654ED321F3B}") = "dummy-management-object-server", "dependencies\courier\src\dummy-management-object-server\dummy-management-object-server.xproj", "{832CF5BA-2ABA-4EB2-98DB-07001DB4EA0E}"
EndProject
Project("{8BB2217D-0F2D-49D1-97BC-3654ED321F3B}") = "Dargon.Vox.IntegrationTests", "dependencies\vox\test\Dargon.Vox.IntegrationTests\Dargon.Vox.IntegrationTests.xproj", "{9F79AFF1-8CF5-47B1-9E67-03EF5FEF2F1D}"
EndProject
Project("{8BB2217D-0F2D-49D1-97BC-3654ED321F3B}") = "Dargon.Vox.InternalTestUtils", "dependencies\vox\test\Dargon.Vox.InternalTestUtils\Dargon.Vox.InternalTestUtils.xproj", "{FD64EABA-21E2-4DC8-97F0-133FFB3EE4CD}"
EndProject
Project("{8BB2217D-0F2D-49D1-97BC-3654ED321F3B}") = "Dargon.Vox.UnitTests", "dependencies\vox\test\Dargon.Vox.UnitTests\Dargon.Vox.UnitTests.xproj", "{94A50AF5-E6BE-40E6-92B6-05E4689EA93F}"
EndProject
Global
	GlobalSection(SolutionConfigurationPlatforms) = preSolution
		Debug|Any CPU = Debug|Any CPU
		Release|Any CPU = Release|Any CPU
	EndGlobalSection
	GlobalSection(ProjectConfigurationPlatforms) = postSolution
		{5279248E-9513-4ACF-BD3B-8E5B5D896905}.Debug|Any CPU.ActiveCfg = Debug|Any CPU
		{5279248E-9513-4ACF-BD3B-8E5B5D896905}.Debug|Any CPU.Build.0 = Debug|Any CPU
		{5279248E-9513-4ACF-BD3B-8E5B5D896905}.Release|Any CPU.ActiveCfg = Release|Any CPU
		{5279248E-9513-4ACF-BD3B-8E5B5D896905}.Release|Any CPU.Build.0 = Release|Any CPU
		{7A583A0F-6154-47D5-9D6E-D91E94A0C4FB}.Debug|Any CPU.ActiveCfg = Debug|Any CPU
		{7A583A0F-6154-47D5-9D6E-D91E94A0C4FB}.Debug|Any CPU.Build.0 = Debug|Any CPU
		{7A583A0F-6154-47D5-9D6E-D91E94A0C4FB}.Release|Any CPU.ActiveCfg = Release|Any CPU
		{7A583A0F-6154-47D5-9D6E-D91E94A0C4FB}.Release|Any CPU.Build.0 = Release|Any CPU
		{64BDC2CE-1457-4AD8-AA1F-B39A5DDC42C2}.Debug|Any CPU.ActiveCfg = Debug|Any CPU
		{64BDC2CE-1457-4AD8-AA1F-B39A5DDC42C2}.Debug|Any CPU.Build.0 = Debug|Any CPU
		{64BDC2CE-1457-4AD8-AA1F-B39A5DDC42C2}.Release|Any CPU.ActiveCfg = Release|Any CPU
		{64BDC2CE-1457-4AD8-AA1F-B39A5DDC42C2}.Release|Any CPU.Build.0 = Release|Any CPU
		{97247D5E-A3C9-4050-84E8-2FD8E9178DB8}.Debug|Any CPU.ActiveCfg = Debug|Any CPU
		{97247D5E-A3C9-4050-84E8-2FD8E9178DB8}.Debug|Any CPU.Build.0 = Debug|Any CPU
		{97247D5E-A3C9-4050-84E8-2FD8E9178DB8}.Release|Any CPU.ActiveCfg = Release|Any CPU
		{97247D5E-A3C9-4050-84E8-2FD8E9178DB8}.Release|Any CPU.Build.0 = Release|Any CPU
		{8848F79E-7EBB-4D00-9645-FF86C39F8DE4}.Debug|Any CPU.ActiveCfg = Debug|Any CPU
		{8848F79E-7EBB-4D00-9645-FF86C39F8DE4}.Debug|Any CPU.Build.0 = Debug|Any CPU
		{8848F79E-7EBB-4D00-9645-FF86C39F8DE4}.Release|Any CPU.ActiveCfg = Release|Any CPU
		{8848F79E-7EBB-4D00-9645-FF86C39F8DE4}.Release|Any CPU.Build.0 = Release|Any CPU
		{2D7BAFC8-38E8-42EC-B215-F1A0A08E4BA8}.Debug|Any CPU.ActiveCfg = Debug|Any CPU
		{2D7BAFC8-38E8-42EC-B215-F1A0A08E4BA8}.Debug|Any CPU.Build.0 = Debug|Any CPU
		{2D7BAFC8-38E8-42EC-B215-F1A0A08E4BA8}.Release|Any CPU.ActiveCfg = Release|Any CPU
		{2D7BAFC8-38E8-42EC-B215-F1A0A08E4BA8}.Release|Any CPU.Build.0 = Release|Any CPU
		{F3EA0646-E97A-4535-8E19-B5E38FB2706A}.Debug|Any CPU.ActiveCfg = Debug|Any CPU
		{F3EA0646-E97A-4535-8E19-B5E38FB2706A}.Debug|Any CPU.Build.0 = Debug|Any CPU
		{F3EA0646-E97A-4535-8E19-B5E38FB2706A}.Release|Any CPU.ActiveCfg = Release|Any CPU
		{F3EA0646-E97A-4535-8E19-B5E38FB2706A}.Release|Any CPU.Build.0 = Release|Any CPU
		{3F7DCAA8-BBFF-4709-BC79-BAA235783D86}.Debug|Any CPU.ActiveCfg = Debug|Any CPU
		{3F7DCAA8-BBFF-4709-BC79-BAA235783D86}.Debug|Any CPU.Build.0 = Debug|Any CPU
		{3F7DCAA8-BBFF-4709-BC79-BAA235783D86}.Release|Any CPU.ActiveCfg = Release|Any CPU
		{3F7DCAA8-BBFF-4709-BC79-BAA235783D86}.Release|Any CPU.Build.0 = Release|Any CPU
		{907353FD-0387-434C-BDA1-4822A3553A40}.Debug|Any CPU.ActiveCfg = Debug|Any CPU
		{907353FD-0387-434C-BDA1-4822A3553A40}.Debug|Any CPU.Build.0 = Debug|Any CPU
		{907353FD-0387-434C-BDA1-4822A3553A40}.Release|Any CPU.ActiveCfg = Release|Any CPU
		{907353FD-0387-434C-BDA1-4822A3553A40}.Release|Any CPU.Build.0 = Release|Any CPU
		{5DDF8899-F77A-49C9-A814-372388ECF5BD}.Debug|Any CPU.ActiveCfg = Debug|Any CPU
		{5DDF8899-F77A-49C9-A814-372388ECF5BD}.Debug|Any CPU.Build.0 = Debug|Any CPU
		{5DDF8899-F77A-49C9-A814-372388ECF5BD}.Release|Any CPU.ActiveCfg = Release|Any CPU
		{5DDF8899-F77A-49C9-A814-372388ECF5BD}.Release|Any CPU.Build.0 = Release|Any CPU
		{8C23F20B-FA8A-4EDC-B0CB-37FF052473FB}.Debug|Any CPU.ActiveCfg = Release
		{8C23F20B-FA8A-4EDC-B0CB-37FF052473FB}.Release|Any CPU.ActiveCfg = Release
		{DC6C332E-10DB-4097-8FAF-84F505250A3C}.Debug|Any CPU.ActiveCfg = Debug|Any CPU
		{DC6C332E-10DB-4097-8FAF-84F505250A3C}.Debug|Any CPU.Build.0 = Debug|Any CPU
		{DC6C332E-10DB-4097-8FAF-84F505250A3C}.Release|Any CPU.ActiveCfg = Release|Any CPU
		{DC6C332E-10DB-4097-8FAF-84F505250A3C}.Release|Any CPU.Build.0 = Release|Any CPU
		{9F7834D7-F3AF-4691-9D35-E8580BC80D8E}.Debug|Any CPU.ActiveCfg = Release
		{9F7834D7-F3AF-4691-9D35-E8580BC80D8E}.Release|Any CPU.ActiveCfg = Release
		{79872398-F5A6-4F34-9596-447D1CFBCAB4}.Debug|Any CPU.ActiveCfg = Debug|Any CPU
		{79872398-F5A6-4F34-9596-447D1CFBCAB4}.Debug|Any CPU.Build.0 = Debug|Any CPU
		{79872398-F5A6-4F34-9596-447D1CFBCAB4}.Release|Any CPU.ActiveCfg = Release|Any CPU
		{79872398-F5A6-4F34-9596-447D1CFBCAB4}.Release|Any CPU.Build.0 = Release|Any CPU
		{B8BA80E1-0831-4613-8A80-14E5E34696BD}.Debug|Any CPU.ActiveCfg = Debug|Any CPU
		{B8BA80E1-0831-4613-8A80-14E5E34696BD}.Debug|Any CPU.Build.0 = Debug|Any CPU
		{B8BA80E1-0831-4613-8A80-14E5E34696BD}.Release|Any CPU.ActiveCfg = Release|Any CPU
		{B8BA80E1-0831-4613-8A80-14E5E34696BD}.Release|Any CPU.Build.0 = Release|Any CPU
		{3E7B72E8-A156-4205-8A96-848FC6C80966}.Debug|Any CPU.ActiveCfg = Debug|Any CPU
		{3E7B72E8-A156-4205-8A96-848FC6C80966}.Debug|Any CPU.Build.0 = Debug|Any CPU
		{3E7B72E8-A156-4205-8A96-848FC6C80966}.Release|Any CPU.ActiveCfg = Release|Any CPU
		{3E7B72E8-A156-4205-8A96-848FC6C80966}.Release|Any CPU.Build.0 = Release|Any CPU
		{1D134390-1670-495D-955D-B1CC5D9AD595}.Debug|Any CPU.ActiveCfg = Release
		{1D134390-1670-495D-955D-B1CC5D9AD595}.Release|Any CPU.ActiveCfg = Release
		{832CF5BA-2ABA-4EB2-98DB-07001DB4EA0E}.Debug|Any CPU.ActiveCfg = Debug|Any CPU
		{832CF5BA-2ABA-4EB2-98DB-07001DB4EA0E}.Debug|Any CPU.Build.0 = Debug|Any CPU
		{832CF5BA-2ABA-4EB2-98DB-07001DB4EA0E}.Release|Any CPU.ActiveCfg = Release|Any CPU
		{832CF5BA-2ABA-4EB2-98DB-07001DB4EA0E}.Release|Any CPU.Build.0 = Release|Any CPU
		{9F79AFF1-8CF5-47B1-9E67-03EF5FEF2F1D}.Debug|Any CPU.ActiveCfg = Debug|Any CPU
		{9F79AFF1-8CF5-47B1-9E67-03EF5FEF2F1D}.Debug|Any CPU.Build.0 = Debug|Any CPU
		{9F79AFF1-8CF5-47B1-9E67-03EF5FEF2F1D}.Release|Any CPU.ActiveCfg = Release|Any CPU
		{9F79AFF1-8CF5-47B1-9E67-03EF5FEF2F1D}.Release|Any CPU.Build.0 = Release|Any CPU
		{FD64EABA-21E2-4DC8-97F0-133FFB3EE4CD}.Debug|Any CPU.ActiveCfg = Debug|Any CPU
		{FD64EABA-21E2-4DC8-97F0-133FFB3EE4CD}.Debug|Any CPU.Build.0 = Debug|Any CPU
		{FD64EABA-21E2-4DC8-97F0-133FFB3EE4CD}.Release|Any CPU.ActiveCfg = Release|Any CPU
		{FD64EABA-21E2-4DC8-97F0-133FFB3EE4CD}.Release|Any CPU.Build.0 = Release|Any CPU
		{94A50AF5-E6BE-40E6-92B6-05E4689EA93F}.Debug|Any CPU.ActiveCfg = Debug|Any CPU
		{94A50AF5-E6BE-40E6-92B6-05E4689EA93F}.Debug|Any CPU.Build.0 = Debug|Any CPU
		{94A50AF5-E6BE-40E6-92B6-05E4689EA93F}.Release|Any CPU.ActiveCfg = Release|Any CPU
		{94A50AF5-E6BE-40E6-92B6-05E4689EA93F}.Release|Any CPU.Build.0 = Release|Any CPU
	EndGlobalSection
	GlobalSection(SolutionProperties) = preSolution
		HideSolutionNode = FALSE
	EndGlobalSection
	GlobalSection(NestedProjects) = preSolution
		{5279248E-9513-4ACF-BD3B-8E5B5D896905} = {A95ADD7D-1C5B-4F71-ABAA-5A463036EDC7}
		{7A583A0F-6154-47D5-9D6E-D91E94A0C4FB} = {A95ADD7D-1C5B-4F71-ABAA-5A463036EDC7}
		{64BDC2CE-1457-4AD8-AA1F-B39A5DDC42C2} = {717230C9-AFBC-456B-A700-9CFC5FB5FDD6}
		{97247D5E-A3C9-4050-84E8-2FD8E9178DB8} = {717230C9-AFBC-456B-A700-9CFC5FB5FDD6}
		{8848F79E-7EBB-4D00-9645-FF86C39F8DE4} = {717230C9-AFBC-456B-A700-9CFC5FB5FDD6}
		{2D7BAFC8-38E8-42EC-B215-F1A0A08E4BA8} = {717230C9-AFBC-456B-A700-9CFC5FB5FDD6}
		{F3EA0646-E97A-4535-8E19-B5E38FB2706A} = {717230C9-AFBC-456B-A700-9CFC5FB5FDD6}
		{3F7DCAA8-BBFF-4709-BC79-BAA235783D86} = {8C077420-A36E-4D87-993F-BD51BDB216FE}
		{907353FD-0387-434C-BDA1-4822A3553A40} = {717230C9-AFBC-456B-A700-9CFC5FB5FDD6}
		{5DDF8899-F77A-49C9-A814-372388ECF5BD} = {8C077420-A36E-4D87-993F-BD51BDB216FE}
		{DC6C332E-10DB-4097-8FAF-84F505250A3C} = {A95ADD7D-1C5B-4F71-ABAA-5A463036EDC7}
		{79872398-F5A6-4F34-9596-447D1CFBCAB4} = {A95ADD7D-1C5B-4F71-ABAA-5A463036EDC7}
		{B8BA80E1-0831-4613-8A80-14E5E34696BD} = {717230C9-AFBC-456B-A700-9CFC5FB5FDD6}
		{3E7B72E8-A156-4205-8A96-848FC6C80966} = {A95ADD7D-1C5B-4F71-ABAA-5A463036EDC7}
		{832CF5BA-2ABA-4EB2-98DB-07001DB4EA0E} = {A95ADD7D-1C5B-4F71-ABAA-5A463036EDC7}
		{9F79AFF1-8CF5-47B1-9E67-03EF5FEF2F1D} = {8C077420-A36E-4D87-993F-BD51BDB216FE}
		{FD64EABA-21E2-4DC8-97F0-133FFB3EE4CD} = {8C077420-A36E-4D87-993F-BD51BDB216FE}
		{94A50AF5-E6BE-40E6-92B6-05E4689EA93F} = {8C077420-A36E-4D87-993F-BD51BDB216FE}
	EndGlobalSection
EndGlobal
