
Microsoft Visual Studio Solution File, Format Version 12.00
# Visual Studio 15
VisualStudioVersion = 15.0.26403.7
MinimumVisualStudioVersion = 10.0.40219.1
Project("{9A19103F-16F7-4668-BE54-9A1E7A4F7556}") = "Dargon.Commons", "framework\src\Dargon.Commons\src\Dargon.Commons.csproj", "{6E4C6599-99B4-4BFC-B67E-6DABD0D4A290}"
EndProject
Project("{9A19103F-16F7-4668-BE54-9A1E7A4F7556}") = "Dargon.Courier", "framework\src\Dargon.Courier\src\Dargon.Courier.csproj", "{6F3C1D48-0B45-4353-AF81-49EC93D2C0F7}"
EndProject
Project("{9A19103F-16F7-4668-BE54-9A1E7A4F7556}") = "Dargon.Ryu", "framework\src\Dargon.Ryu\src\Dargon.Ryu.csproj", "{1D97422C-0753-43B8-9B24-37FC4BB7A31F}"
EndProject
Project("{9A19103F-16F7-4668-BE54-9A1E7A4F7556}") = "Dargon.Commons.UnitTests", "framework\src\Dargon.Commons\tests\Dargon.Commons.UnitTests\Dargon.Commons.UnitTests.csproj", "{578275A3-6A23-4561-8D5D-C2D9CE8D84E7}"
EndProject
Project("{9A19103F-16F7-4668-BE54-9A1E7A4F7556}") = "NMockito", "framework\src\NMockito\src\NMockito\NMockito.csproj", "{EF38BB3F-E531-4513-BEDD-EC0ED2383BCF}"
EndProject
Project("{9A19103F-16F7-4668-BE54-9A1E7A4F7556}") = "NMockito.UnitTests", "framework\src\NMockito\test\NMockito.UnitTests\NMockito.UnitTests.csproj", "{D93ACA81-73FB-43CB-B550-2EB22FD669A3}"
EndProject
Project("{9A19103F-16F7-4668-BE54-9A1E7A4F7556}") = "courier_old", "framework\src\Dargon.Courier\old\courier_old.csproj", "{08513E75-6D86-4B1E-ACF5-82464453A756}"
EndProject
Project("{9A19103F-16F7-4668-BE54-9A1E7A4F7556}") = "Dargon.Vox", "framework\src\Dargon.Vox\src\Dargon.Vox\Dargon.Vox.csproj", "{D11D1F62-3F07-43BF-9A0E-B9844A8F5871}"
EndProject
Project("{9A19103F-16F7-4668-BE54-9A1E7A4F7556}") = "Dargon.Vox.FunctionalTests", "framework\src\Dargon.Vox\test\Dargon.Vox.FunctionalTests\Dargon.Vox.FunctionalTests.csproj", "{CB317930-8085-485C-A1DB-EF04B40A9D72}"
EndProject
Project("{9A19103F-16F7-4668-BE54-9A1E7A4F7556}") = "Dargon.Vox.UnitTests", "framework\src\Dargon.Vox\test\Dargon.Vox.UnitTests\Dargon.Vox.UnitTests.csproj", "{E6F97527-8036-4CEC-BC34-7F16687484D2}"
EndProject
Project("{9A19103F-16F7-4668-BE54-9A1E7A4F7556}") = "Dargon.Courier.Impl.UnitTests", "framework\src\Dargon.Courier\tests\Dargon.Courier.Impl.UnitTests\Dargon.Courier.Impl.UnitTests.csproj", "{32F7CB6D-B111-449A-A071-6F29DB807782}"
EndProject
Project("{9A19103F-16F7-4668-BE54-9A1E7A4F7556}") = "Dargon.Courier.Impl.IntegrationTests", "framework\src\Dargon.Courier\tests\Dargon.Courier.Impl.IntegrationTests\Dargon.Courier.Impl.IntegrationTests.csproj", "{BDD30A52-FA6D-4292-8E44-E65E5AD7A19F}"
EndProject
Global
	GlobalSection(SolutionConfigurationPlatforms) = preSolution
		Debug|Any CPU = Debug|Any CPU
		Debug|x64 = Debug|x64
		Debug|x86 = Debug|x86
		Release|Any CPU = Release|Any CPU
		Release|x64 = Release|x64
		Release|x86 = Release|x86
	EndGlobalSection
	GlobalSection(ProjectConfigurationPlatforms) = postSolution
		{6E4C6599-99B4-4BFC-B67E-6DABD0D4A290}.Debug|Any CPU.ActiveCfg = Debug|Any CPU
		{6E4C6599-99B4-4BFC-B67E-6DABD0D4A290}.Debug|Any CPU.Build.0 = Debug|Any CPU
		{6E4C6599-99B4-4BFC-B67E-6DABD0D4A290}.Debug|x64.ActiveCfg = Debug|Any CPU
		{6E4C6599-99B4-4BFC-B67E-6DABD0D4A290}.Debug|x64.Build.0 = Debug|Any CPU
		{6E4C6599-99B4-4BFC-B67E-6DABD0D4A290}.Debug|x86.ActiveCfg = Debug|Any CPU
		{6E4C6599-99B4-4BFC-B67E-6DABD0D4A290}.Debug|x86.Build.0 = Debug|Any CPU
		{6E4C6599-99B4-4BFC-B67E-6DABD0D4A290}.Release|Any CPU.ActiveCfg = Release|Any CPU
		{6E4C6599-99B4-4BFC-B67E-6DABD0D4A290}.Release|Any CPU.Build.0 = Release|Any CPU
		{6E4C6599-99B4-4BFC-B67E-6DABD0D4A290}.Release|x64.ActiveCfg = Release|Any CPU
		{6E4C6599-99B4-4BFC-B67E-6DABD0D4A290}.Release|x64.Build.0 = Release|Any CPU
		{6E4C6599-99B4-4BFC-B67E-6DABD0D4A290}.Release|x86.ActiveCfg = Release|Any CPU
		{6E4C6599-99B4-4BFC-B67E-6DABD0D4A290}.Release|x86.Build.0 = Release|Any CPU
		{6F3C1D48-0B45-4353-AF81-49EC93D2C0F7}.Debug|Any CPU.ActiveCfg = Debug|Any CPU
		{6F3C1D48-0B45-4353-AF81-49EC93D2C0F7}.Debug|Any CPU.Build.0 = Debug|Any CPU
		{6F3C1D48-0B45-4353-AF81-49EC93D2C0F7}.Debug|x64.ActiveCfg = Debug|Any CPU
		{6F3C1D48-0B45-4353-AF81-49EC93D2C0F7}.Debug|x64.Build.0 = Debug|Any CPU
		{6F3C1D48-0B45-4353-AF81-49EC93D2C0F7}.Debug|x86.ActiveCfg = Debug|Any CPU
		{6F3C1D48-0B45-4353-AF81-49EC93D2C0F7}.Debug|x86.Build.0 = Debug|Any CPU
		{6F3C1D48-0B45-4353-AF81-49EC93D2C0F7}.Release|Any CPU.ActiveCfg = Release|Any CPU
		{6F3C1D48-0B45-4353-AF81-49EC93D2C0F7}.Release|Any CPU.Build.0 = Release|Any CPU
		{6F3C1D48-0B45-4353-AF81-49EC93D2C0F7}.Release|x64.ActiveCfg = Release|Any CPU
		{6F3C1D48-0B45-4353-AF81-49EC93D2C0F7}.Release|x64.Build.0 = Release|Any CPU
		{6F3C1D48-0B45-4353-AF81-49EC93D2C0F7}.Release|x86.ActiveCfg = Release|Any CPU
		{6F3C1D48-0B45-4353-AF81-49EC93D2C0F7}.Release|x86.Build.0 = Release|Any CPU
		{1D97422C-0753-43B8-9B24-37FC4BB7A31F}.Debug|Any CPU.ActiveCfg = Debug|Any CPU
		{1D97422C-0753-43B8-9B24-37FC4BB7A31F}.Debug|Any CPU.Build.0 = Debug|Any CPU
		{1D97422C-0753-43B8-9B24-37FC4BB7A31F}.Debug|x64.ActiveCfg = Debug|Any CPU
		{1D97422C-0753-43B8-9B24-37FC4BB7A31F}.Debug|x64.Build.0 = Debug|Any CPU
		{1D97422C-0753-43B8-9B24-37FC4BB7A31F}.Debug|x86.ActiveCfg = Debug|Any CPU
		{1D97422C-0753-43B8-9B24-37FC4BB7A31F}.Debug|x86.Build.0 = Debug|Any CPU
		{1D97422C-0753-43B8-9B24-37FC4BB7A31F}.Release|Any CPU.ActiveCfg = Release|Any CPU
		{1D97422C-0753-43B8-9B24-37FC4BB7A31F}.Release|Any CPU.Build.0 = Release|Any CPU
		{1D97422C-0753-43B8-9B24-37FC4BB7A31F}.Release|x64.ActiveCfg = Release|Any CPU
		{1D97422C-0753-43B8-9B24-37FC4BB7A31F}.Release|x64.Build.0 = Release|Any CPU
		{1D97422C-0753-43B8-9B24-37FC4BB7A31F}.Release|x86.ActiveCfg = Release|Any CPU
		{1D97422C-0753-43B8-9B24-37FC4BB7A31F}.Release|x86.Build.0 = Release|Any CPU
		{578275A3-6A23-4561-8D5D-C2D9CE8D84E7}.Debug|Any CPU.ActiveCfg = Debug|Any CPU
		{578275A3-6A23-4561-8D5D-C2D9CE8D84E7}.Debug|Any CPU.Build.0 = Debug|Any CPU
		{578275A3-6A23-4561-8D5D-C2D9CE8D84E7}.Debug|x64.ActiveCfg = Debug|Any CPU
		{578275A3-6A23-4561-8D5D-C2D9CE8D84E7}.Debug|x64.Build.0 = Debug|Any CPU
		{578275A3-6A23-4561-8D5D-C2D9CE8D84E7}.Debug|x86.ActiveCfg = Debug|Any CPU
		{578275A3-6A23-4561-8D5D-C2D9CE8D84E7}.Debug|x86.Build.0 = Debug|Any CPU
		{578275A3-6A23-4561-8D5D-C2D9CE8D84E7}.Release|Any CPU.ActiveCfg = Release|Any CPU
		{578275A3-6A23-4561-8D5D-C2D9CE8D84E7}.Release|Any CPU.Build.0 = Release|Any CPU
		{578275A3-6A23-4561-8D5D-C2D9CE8D84E7}.Release|x64.ActiveCfg = Release|Any CPU
		{578275A3-6A23-4561-8D5D-C2D9CE8D84E7}.Release|x64.Build.0 = Release|Any CPU
		{578275A3-6A23-4561-8D5D-C2D9CE8D84E7}.Release|x86.ActiveCfg = Release|Any CPU
		{578275A3-6A23-4561-8D5D-C2D9CE8D84E7}.Release|x86.Build.0 = Release|Any CPU
		{EF38BB3F-E531-4513-BEDD-EC0ED2383BCF}.Debug|Any CPU.ActiveCfg = Debug|Any CPU
		{EF38BB3F-E531-4513-BEDD-EC0ED2383BCF}.Debug|Any CPU.Build.0 = Debug|Any CPU
		{EF38BB3F-E531-4513-BEDD-EC0ED2383BCF}.Debug|x64.ActiveCfg = Debug|Any CPU
		{EF38BB3F-E531-4513-BEDD-EC0ED2383BCF}.Debug|x64.Build.0 = Debug|Any CPU
		{EF38BB3F-E531-4513-BEDD-EC0ED2383BCF}.Debug|x86.ActiveCfg = Debug|Any CPU
		{EF38BB3F-E531-4513-BEDD-EC0ED2383BCF}.Debug|x86.Build.0 = Debug|Any CPU
		{EF38BB3F-E531-4513-BEDD-EC0ED2383BCF}.Release|Any CPU.ActiveCfg = Release|Any CPU
		{EF38BB3F-E531-4513-BEDD-EC0ED2383BCF}.Release|Any CPU.Build.0 = Release|Any CPU
		{EF38BB3F-E531-4513-BEDD-EC0ED2383BCF}.Release|x64.ActiveCfg = Release|Any CPU
		{EF38BB3F-E531-4513-BEDD-EC0ED2383BCF}.Release|x64.Build.0 = Release|Any CPU
		{EF38BB3F-E531-4513-BEDD-EC0ED2383BCF}.Release|x86.ActiveCfg = Release|Any CPU
		{EF38BB3F-E531-4513-BEDD-EC0ED2383BCF}.Release|x86.Build.0 = Release|Any CPU
		{D93ACA81-73FB-43CB-B550-2EB22FD669A3}.Debug|Any CPU.ActiveCfg = Debug|Any CPU
		{D93ACA81-73FB-43CB-B550-2EB22FD669A3}.Debug|Any CPU.Build.0 = Debug|Any CPU
		{D93ACA81-73FB-43CB-B550-2EB22FD669A3}.Debug|x64.ActiveCfg = Debug|Any CPU
		{D93ACA81-73FB-43CB-B550-2EB22FD669A3}.Debug|x64.Build.0 = Debug|Any CPU
		{D93ACA81-73FB-43CB-B550-2EB22FD669A3}.Debug|x86.ActiveCfg = Debug|Any CPU
		{D93ACA81-73FB-43CB-B550-2EB22FD669A3}.Debug|x86.Build.0 = Debug|Any CPU
		{D93ACA81-73FB-43CB-B550-2EB22FD669A3}.Release|Any CPU.ActiveCfg = Release|Any CPU
		{D93ACA81-73FB-43CB-B550-2EB22FD669A3}.Release|Any CPU.Build.0 = Release|Any CPU
		{D93ACA81-73FB-43CB-B550-2EB22FD669A3}.Release|x64.ActiveCfg = Release|Any CPU
		{D93ACA81-73FB-43CB-B550-2EB22FD669A3}.Release|x64.Build.0 = Release|Any CPU
		{D93ACA81-73FB-43CB-B550-2EB22FD669A3}.Release|x86.ActiveCfg = Release|Any CPU
		{D93ACA81-73FB-43CB-B550-2EB22FD669A3}.Release|x86.Build.0 = Release|Any CPU
		{08513E75-6D86-4B1E-ACF5-82464453A756}.Debug|Any CPU.ActiveCfg = Debug|Any CPU
		{08513E75-6D86-4B1E-ACF5-82464453A756}.Debug|Any CPU.Build.0 = Debug|Any CPU
		{08513E75-6D86-4B1E-ACF5-82464453A756}.Debug|x64.ActiveCfg = Debug|Any CPU
		{08513E75-6D86-4B1E-ACF5-82464453A756}.Debug|x64.Build.0 = Debug|Any CPU
		{08513E75-6D86-4B1E-ACF5-82464453A756}.Debug|x86.ActiveCfg = Debug|Any CPU
		{08513E75-6D86-4B1E-ACF5-82464453A756}.Debug|x86.Build.0 = Debug|Any CPU
		{08513E75-6D86-4B1E-ACF5-82464453A756}.Release|Any CPU.ActiveCfg = Release|Any CPU
		{08513E75-6D86-4B1E-ACF5-82464453A756}.Release|Any CPU.Build.0 = Release|Any CPU
		{08513E75-6D86-4B1E-ACF5-82464453A756}.Release|x64.ActiveCfg = Release|Any CPU
		{08513E75-6D86-4B1E-ACF5-82464453A756}.Release|x64.Build.0 = Release|Any CPU
		{08513E75-6D86-4B1E-ACF5-82464453A756}.Release|x86.ActiveCfg = Release|Any CPU
		{08513E75-6D86-4B1E-ACF5-82464453A756}.Release|x86.Build.0 = Release|Any CPU
		{D11D1F62-3F07-43BF-9A0E-B9844A8F5871}.Debug|Any CPU.ActiveCfg = Debug|Any CPU
		{D11D1F62-3F07-43BF-9A0E-B9844A8F5871}.Debug|Any CPU.Build.0 = Debug|Any CPU
		{D11D1F62-3F07-43BF-9A0E-B9844A8F5871}.Debug|x64.ActiveCfg = Debug|Any CPU
		{D11D1F62-3F07-43BF-9A0E-B9844A8F5871}.Debug|x64.Build.0 = Debug|Any CPU
		{D11D1F62-3F07-43BF-9A0E-B9844A8F5871}.Debug|x86.ActiveCfg = Debug|Any CPU
		{D11D1F62-3F07-43BF-9A0E-B9844A8F5871}.Debug|x86.Build.0 = Debug|Any CPU
		{D11D1F62-3F07-43BF-9A0E-B9844A8F5871}.Release|Any CPU.ActiveCfg = Release|Any CPU
		{D11D1F62-3F07-43BF-9A0E-B9844A8F5871}.Release|Any CPU.Build.0 = Release|Any CPU
		{D11D1F62-3F07-43BF-9A0E-B9844A8F5871}.Release|x64.ActiveCfg = Release|Any CPU
		{D11D1F62-3F07-43BF-9A0E-B9844A8F5871}.Release|x64.Build.0 = Release|Any CPU
		{D11D1F62-3F07-43BF-9A0E-B9844A8F5871}.Release|x86.ActiveCfg = Release|Any CPU
		{D11D1F62-3F07-43BF-9A0E-B9844A8F5871}.Release|x86.Build.0 = Release|Any CPU
		{CB317930-8085-485C-A1DB-EF04B40A9D72}.Debug|Any CPU.ActiveCfg = Debug|Any CPU
		{CB317930-8085-485C-A1DB-EF04B40A9D72}.Debug|Any CPU.Build.0 = Debug|Any CPU
		{CB317930-8085-485C-A1DB-EF04B40A9D72}.Debug|x64.ActiveCfg = Debug|Any CPU
		{CB317930-8085-485C-A1DB-EF04B40A9D72}.Debug|x64.Build.0 = Debug|Any CPU
		{CB317930-8085-485C-A1DB-EF04B40A9D72}.Debug|x86.ActiveCfg = Debug|Any CPU
		{CB317930-8085-485C-A1DB-EF04B40A9D72}.Debug|x86.Build.0 = Debug|Any CPU
		{CB317930-8085-485C-A1DB-EF04B40A9D72}.Release|Any CPU.ActiveCfg = Release|Any CPU
		{CB317930-8085-485C-A1DB-EF04B40A9D72}.Release|Any CPU.Build.0 = Release|Any CPU
		{CB317930-8085-485C-A1DB-EF04B40A9D72}.Release|x64.ActiveCfg = Release|Any CPU
		{CB317930-8085-485C-A1DB-EF04B40A9D72}.Release|x64.Build.0 = Release|Any CPU
		{CB317930-8085-485C-A1DB-EF04B40A9D72}.Release|x86.ActiveCfg = Release|Any CPU
		{CB317930-8085-485C-A1DB-EF04B40A9D72}.Release|x86.Build.0 = Release|Any CPU
		{E6F97527-8036-4CEC-BC34-7F16687484D2}.Debug|Any CPU.ActiveCfg = Debug|Any CPU
		{E6F97527-8036-4CEC-BC34-7F16687484D2}.Debug|Any CPU.Build.0 = Debug|Any CPU
		{E6F97527-8036-4CEC-BC34-7F16687484D2}.Debug|x64.ActiveCfg = Debug|Any CPU
		{E6F97527-8036-4CEC-BC34-7F16687484D2}.Debug|x64.Build.0 = Debug|Any CPU
		{E6F97527-8036-4CEC-BC34-7F16687484D2}.Debug|x86.ActiveCfg = Debug|Any CPU
		{E6F97527-8036-4CEC-BC34-7F16687484D2}.Debug|x86.Build.0 = Debug|Any CPU
		{E6F97527-8036-4CEC-BC34-7F16687484D2}.Release|Any CPU.ActiveCfg = Release|Any CPU
		{E6F97527-8036-4CEC-BC34-7F16687484D2}.Release|Any CPU.Build.0 = Release|Any CPU
		{E6F97527-8036-4CEC-BC34-7F16687484D2}.Release|x64.ActiveCfg = Release|Any CPU
		{E6F97527-8036-4CEC-BC34-7F16687484D2}.Release|x64.Build.0 = Release|Any CPU
		{E6F97527-8036-4CEC-BC34-7F16687484D2}.Release|x86.ActiveCfg = Release|Any CPU
		{E6F97527-8036-4CEC-BC34-7F16687484D2}.Release|x86.Build.0 = Release|Any CPU
		{32F7CB6D-B111-449A-A071-6F29DB807782}.Debug|Any CPU.ActiveCfg = Debug|Any CPU
		{32F7CB6D-B111-449A-A071-6F29DB807782}.Debug|Any CPU.Build.0 = Debug|Any CPU
		{32F7CB6D-B111-449A-A071-6F29DB807782}.Debug|x64.ActiveCfg = Debug|Any CPU
		{32F7CB6D-B111-449A-A071-6F29DB807782}.Debug|x64.Build.0 = Debug|Any CPU
		{32F7CB6D-B111-449A-A071-6F29DB807782}.Debug|x86.ActiveCfg = Debug|Any CPU
		{32F7CB6D-B111-449A-A071-6F29DB807782}.Debug|x86.Build.0 = Debug|Any CPU
		{32F7CB6D-B111-449A-A071-6F29DB807782}.Release|Any CPU.ActiveCfg = Release|Any CPU
		{32F7CB6D-B111-449A-A071-6F29DB807782}.Release|Any CPU.Build.0 = Release|Any CPU
		{32F7CB6D-B111-449A-A071-6F29DB807782}.Release|x64.ActiveCfg = Release|Any CPU
		{32F7CB6D-B111-449A-A071-6F29DB807782}.Release|x64.Build.0 = Release|Any CPU
		{32F7CB6D-B111-449A-A071-6F29DB807782}.Release|x86.ActiveCfg = Release|Any CPU
		{32F7CB6D-B111-449A-A071-6F29DB807782}.Release|x86.Build.0 = Release|Any CPU
		{BDD30A52-FA6D-4292-8E44-E65E5AD7A19F}.Debug|Any CPU.ActiveCfg = Debug|Any CPU
		{BDD30A52-FA6D-4292-8E44-E65E5AD7A19F}.Debug|Any CPU.Build.0 = Debug|Any CPU
		{BDD30A52-FA6D-4292-8E44-E65E5AD7A19F}.Debug|x64.ActiveCfg = Debug|Any CPU
		{BDD30A52-FA6D-4292-8E44-E65E5AD7A19F}.Debug|x64.Build.0 = Debug|Any CPU
		{BDD30A52-FA6D-4292-8E44-E65E5AD7A19F}.Debug|x86.ActiveCfg = Debug|Any CPU
		{BDD30A52-FA6D-4292-8E44-E65E5AD7A19F}.Debug|x86.Build.0 = Debug|Any CPU
		{BDD30A52-FA6D-4292-8E44-E65E5AD7A19F}.Release|Any CPU.ActiveCfg = Release|Any CPU
		{BDD30A52-FA6D-4292-8E44-E65E5AD7A19F}.Release|Any CPU.Build.0 = Release|Any CPU
		{BDD30A52-FA6D-4292-8E44-E65E5AD7A19F}.Release|x64.ActiveCfg = Release|Any CPU
		{BDD30A52-FA6D-4292-8E44-E65E5AD7A19F}.Release|x64.Build.0 = Release|Any CPU
		{BDD30A52-FA6D-4292-8E44-E65E5AD7A19F}.Release|x86.ActiveCfg = Release|Any CPU
		{BDD30A52-FA6D-4292-8E44-E65E5AD7A19F}.Release|x86.Build.0 = Release|Any CPU
	EndGlobalSection
	GlobalSection(SolutionProperties) = preSolution
		HideSolutionNode = FALSE
	EndGlobalSection
	GlobalSection(ExtensibilityGlobals) = postSolution
		SolutionGuid = {4FA2AB60-BC59-48EA-A21C-F23C9661989C}
	EndGlobalSection
EndGlobal
