
Microsoft Visual Studio Solution File, Format Version 12.00
# Visual Studio 14
VisualStudioVersion = 14.0.22823.1
MinimumVisualStudioVersion = 10.0.40219.1
Project("{FAE04EC0-301F-11D3-BF4B-00C04F79EFBC}") = "NMockito", "NMockito.csproj", "{0060E29C-DB43-45A8-97AF-17D4AEF0DAD7}"
EndProject
Project("{FAE04EC0-301F-11D3-BF4B-00C04F79EFBC}") = "NMockito.Test", "NMockito.Test\NMockito.Test.csproj", "{6595204A-19C9-4FC8-A873-75A651E52949}"
EndProject
Project("{2150E333-8FDC-42A3-9474-1A3956D46DE8}") = "Solution Items", "Solution Items", "{286BE744-9133-42F0-BD6E-DCC3FA34F3C1}"
	ProjectSection(SolutionItems) = preProject
		README.md = README.md
	EndProjectSection
EndProject
Project("{FAE04EC0-301F-11D3-BF4B-00C04F79EFBC}") = "NMockito2", "..\NMockito2\NMockito2.csproj", "{D12C1161-9C1B-44FF-A0D1-3BD8FF1E58F4}"
EndProject
Project("{FAE04EC0-301F-11D3-BF4B-00C04F79EFBC}") = "NMockito2.Tests", "NMockito2.Tests\NMockito2.Tests.csproj", "{E5B37837-0E6E-4619-8648-617DBB9FD35A}"
EndProject
Global
	GlobalSection(SolutionConfigurationPlatforms) = preSolution
		Debug|Any CPU = Debug|Any CPU
		Release|Any CPU = Release|Any CPU
	EndGlobalSection
	GlobalSection(ProjectConfigurationPlatforms) = postSolution
		{0060E29C-DB43-45A8-97AF-17D4AEF0DAD7}.Debug|Any CPU.ActiveCfg = Debug|Any CPU
		{0060E29C-DB43-45A8-97AF-17D4AEF0DAD7}.Debug|Any CPU.Build.0 = Debug|Any CPU
		{0060E29C-DB43-45A8-97AF-17D4AEF0DAD7}.Release|Any CPU.ActiveCfg = Release|Any CPU
		{0060E29C-DB43-45A8-97AF-17D4AEF0DAD7}.Release|Any CPU.Build.0 = Release|Any CPU
		{6595204A-19C9-4FC8-A873-75A651E52949}.Debug|Any CPU.ActiveCfg = Debug|Any CPU
		{6595204A-19C9-4FC8-A873-75A651E52949}.Debug|Any CPU.Build.0 = Debug|Any CPU
		{6595204A-19C9-4FC8-A873-75A651E52949}.Release|Any CPU.ActiveCfg = Release|Any CPU
		{6595204A-19C9-4FC8-A873-75A651E52949}.Release|Any CPU.Build.0 = Release|Any CPU
		{D12C1161-9C1B-44FF-A0D1-3BD8FF1E58F4}.Debug|Any CPU.ActiveCfg = Debug|Any CPU
		{D12C1161-9C1B-44FF-A0D1-3BD8FF1E58F4}.Debug|Any CPU.Build.0 = Debug|Any CPU
		{D12C1161-9C1B-44FF-A0D1-3BD8FF1E58F4}.Release|Any CPU.ActiveCfg = Release|Any CPU
		{D12C1161-9C1B-44FF-A0D1-3BD8FF1E58F4}.Release|Any CPU.Build.0 = Release|Any CPU
		{E5B37837-0E6E-4619-8648-617DBB9FD35A}.Debug|Any CPU.ActiveCfg = Debug|Any CPU
		{E5B37837-0E6E-4619-8648-617DBB9FD35A}.Debug|Any CPU.Build.0 = Debug|Any CPU
		{E5B37837-0E6E-4619-8648-617DBB9FD35A}.Release|Any CPU.ActiveCfg = Release|Any CPU
		{E5B37837-0E6E-4619-8648-617DBB9FD35A}.Release|Any CPU.Build.0 = Release|Any CPU
	EndGlobalSection
	GlobalSection(SolutionProperties) = preSolution
		HideSolutionNode = FALSE
	EndGlobalSection
EndGlobal
